
Microsoft Visual Studio Solution File, Format Version 12.00
# Visual Studio Version 17
VisualStudioVersion = 17.11.35327.3
MinimumVisualStudioVersion = 10.0.40219.1
Project("{FAE04EC0-301F-11D3-BF4B-00C04F79EFBC}") = "DVLDWindowsFormsApp", "DVLDWindowsFormsApp.csproj", "{7A4C6265-F018-45E6-B18C-4E713895E3E9}"
EndProject
Project("{FAE04EC0-301F-11D3-BF4B-00C04F79EFBC}") = "BusinessLayer", "..\DVLDBusinessLayer\BusinessLayer.csproj", "{7D050E4F-1EB5-4120-A8DC-21B599317466}"
EndProject
Project("{FAE04EC0-301F-11D3-BF4B-00C04F79EFBC}") = "DataAccessLayer", "..\DVLDDataAccessLayer\DataAccessLayer.csproj", "{D8ABA508-2D7F-4311-8F14-9C4E8F31311D}"
EndProject
Global
	GlobalSection(SolutionConfigurationPlatforms) = preSolution
		Debug|Any CPU = Debug|Any CPU
		Release|Any CPU = Release|Any CPU
	EndGlobalSection
	GlobalSection(ProjectConfigurationPlatforms) = postSolution
		{7A4C6265-F018-45E6-B18C-4E713895E3E9}.Debug|Any CPU.ActiveCfg = Debug|Any CPU
		{7A4C6265-F018-45E6-B18C-4E713895E3E9}.Debug|Any CPU.Build.0 = Debug|Any CPU
		{7A4C6265-F018-45E6-B18C-4E713895E3E9}.Release|Any CPU.ActiveCfg = Release|Any CPU
		{7A4C6265-F018-45E6-B18C-4E713895E3E9}.Release|Any CPU.Build.0 = Release|Any CPU
		{7D050E4F-1EB5-4120-A8DC-21B599317466}.Debug|Any CPU.ActiveCfg = Debug|Any CPU
		{7D050E4F-1EB5-4120-A8DC-21B599317466}.Debug|Any CPU.Build.0 = Debug|Any CPU
		{7D050E4F-1EB5-4120-A8DC-21B599317466}.Release|Any CPU.ActiveCfg = Release|Any CPU
		{7D050E4F-1EB5-4120-A8DC-21B599317466}.Release|Any CPU.Build.0 = Release|Any CPU
		{D8ABA508-2D7F-4311-8F14-9C4E8F31311D}.Debug|Any CPU.ActiveCfg = Debug|Any CPU
		{D8ABA508-2D7F-4311-8F14-9C4E8F31311D}.Debug|Any CPU.Build.0 = Debug|Any CPU
		{D8ABA508-2D7F-4311-8F14-9C4E8F31311D}.Release|Any CPU.ActiveCfg = Release|Any CPU
		{D8ABA508-2D7F-4311-8F14-9C4E8F31311D}.Release|Any CPU.Build.0 = Release|Any CPU
	EndGlobalSection
	GlobalSection(SolutionProperties) = preSolution
		HideSolutionNode = FALSE
	EndGlobalSection
	GlobalSection(ExtensibilityGlobals) = postSolution
		SolutionGuid = {9E76D814-071D-4AB4-9C4C-76DAAB2BBFDA}
	EndGlobalSection
EndGlobal
